
Microsoft Visual Studio Solution File, Format Version 12.00
# Visual Studio Version 16
VisualStudioVersion = 16.0.31624.102
MinimumVisualStudioVersion = 10.0.40219.1
Project("{FAE04EC0-301F-11D3-BF4B-00C04F79EFBC}") = "PathfinderAI", "PathfinderAI.csproj", "{AA132CCB-A92F-4DF9-8CB5-D0048975A496}"
EndProject
Project("{FAE04EC0-301F-11D3-BF4B-00C04F79EFBC}") = "PathfinderAI.Tests", "..\PathfinderAI.Tests\PathfinderAI.Tests.csproj", "{76AE3D8A-17AD-460F-B012-073D0588CFE1}"
EndProject
Global
	GlobalSection(SolutionConfigurationPlatforms) = preSolution
		Debug|Any CPU = Debug|Any CPU
		Release|Any CPU = Release|Any CPU
	EndGlobalSection
	GlobalSection(ProjectConfigurationPlatforms) = postSolution
		{AA132CCB-A92F-4DF9-8CB5-D0048975A496}.Debug|Any CPU.ActiveCfg = Debug|Any CPU
		{AA132CCB-A92F-4DF9-8CB5-D0048975A496}.Debug|Any CPU.Build.0 = Debug|Any CPU
		{AA132CCB-A92F-4DF9-8CB5-D0048975A496}.Release|Any CPU.ActiveCfg = Release|Any CPU
		{AA132CCB-A92F-4DF9-8CB5-D0048975A496}.Release|Any CPU.Build.0 = Release|Any CPU
		{76AE3D8A-17AD-460F-B012-073D0588CFE1}.Debug|Any CPU.ActiveCfg = Debug|Any CPU
		{76AE3D8A-17AD-460F-B012-073D0588CFE1}.Debug|Any CPU.Build.0 = Debug|Any CPU
		{76AE3D8A-17AD-460F-B012-073D0588CFE1}.Release|Any CPU.ActiveCfg = Release|Any CPU
		{76AE3D8A-17AD-460F-B012-073D0588CFE1}.Release|Any CPU.Build.0 = Release|Any CPU
	EndGlobalSection
	GlobalSection(SolutionProperties) = preSolution
		HideSolutionNode = FALSE
	EndGlobalSection
	GlobalSection(ExtensibilityGlobals) = postSolution
		SolutionGuid = {E5A5662C-DFF5-4959-9E15-E0CC9C910D3B}
	EndGlobalSection
EndGlobal
